
Microsoft Visual Studio Solution File, Format Version 12.00
# Visual Studio Version 17
VisualStudioVersion = 17.2.32516.85
MinimumVisualStudioVersion = 10.0.40219.1
Project("{9A19103F-16F7-4668-BE54-9A1E7A4F7556}") = "CombinationSumII", "ConsoleApp1\CombinationSumII.csproj", "{5B9DE715-8F18-459D-B680-65E1463B3EC4}"
EndProject
Project("{9A19103F-16F7-4668-BE54-9A1E7A4F7556}") = "SubSetII", "SubSetII\SubSetII.csproj", "{BBF43B61-8307-4AD8-B9E3-01C896B3BFD2}"
EndProject
Project("{FAE04EC0-301F-11D3-BF4B-00C04F79EFBC}") = "Permutations", "Permutations\Permutations.csproj", "{81156CE1-AFF4-4780-8811-7D3227DF1419}"
EndProject
Global
	GlobalSection(SolutionConfigurationPlatforms) = preSolution
		Debug|Any CPU = Debug|Any CPU
		Release|Any CPU = Release|Any CPU
	EndGlobalSection
	GlobalSection(ProjectConfigurationPlatforms) = postSolution
		{5B9DE715-8F18-459D-B680-65E1463B3EC4}.Debug|Any CPU.ActiveCfg = Debug|Any CPU
		{5B9DE715-8F18-459D-B680-65E1463B3EC4}.Debug|Any CPU.Build.0 = Debug|Any CPU
		{5B9DE715-8F18-459D-B680-65E1463B3EC4}.Release|Any CPU.ActiveCfg = Release|Any CPU
		{5B9DE715-8F18-459D-B680-65E1463B3EC4}.Release|Any CPU.Build.0 = Release|Any CPU
		{BBF43B61-8307-4AD8-B9E3-01C896B3BFD2}.Debug|Any CPU.ActiveCfg = Debug|Any CPU
		{BBF43B61-8307-4AD8-B9E3-01C896B3BFD2}.Debug|Any CPU.Build.0 = Debug|Any CPU
		{BBF43B61-8307-4AD8-B9E3-01C896B3BFD2}.Release|Any CPU.ActiveCfg = Release|Any CPU
		{BBF43B61-8307-4AD8-B9E3-01C896B3BFD2}.Release|Any CPU.Build.0 = Release|Any CPU
		{81156CE1-AFF4-4780-8811-7D3227DF1419}.Debug|Any CPU.ActiveCfg = Debug|Any CPU
		{81156CE1-AFF4-4780-8811-7D3227DF1419}.Debug|Any CPU.Build.0 = Debug|Any CPU
		{81156CE1-AFF4-4780-8811-7D3227DF1419}.Release|Any CPU.ActiveCfg = Release|Any CPU
		{81156CE1-AFF4-4780-8811-7D3227DF1419}.Release|Any CPU.Build.0 = Release|Any CPU
	EndGlobalSection
	GlobalSection(SolutionProperties) = preSolution
		HideSolutionNode = FALSE
	EndGlobalSection
	GlobalSection(ExtensibilityGlobals) = postSolution
		SolutionGuid = {A9230EF4-E27B-4410-8BE9-D2B6F01A3DFD}
	EndGlobalSection
EndGlobal
